{
    "_meta": {
        "hash": {
            "sha256": "80d589d802917bd7985e56962e713db156d2787fb4139f6a581245398eaf8eb6"
        },
        "pipfile-spec": 6,
        "requires": {
            "python_version": "3.7"
        },
        "sources": [
            {
                "name": "pypi",
                "url": "https://pypi.org/simple",
                "verify_ssl": true
            }
        ]
    },
    "default": {
        "asgiref": {
            "hashes": [
                "sha256:4ef1ab46b484e3c706329cedeff284a5d40824200638503f5768edb6de7d58e9",
                "sha256:ffc141aa908e6f175673e7b1b3b7af4fdb0ecb738fc5c8b88f69f055c2415214"
            ],
            "markers": "python_version >= '3.6'",
            "version": "==3.4.1"
        },
        "cachetools": {
            "hashes": [
                "sha256:2cc0b89715337ab6dbba85b5b50effe2b0c74e035d83ee8ed637cf52f12ae001",
                "sha256:61b5ed1e22a0924aed1d23b478f37e8d52549ff8a961de2909c69bf950020cff"
            ],
            "markers": "python_version ~= '3.5'",
            "version": "==4.2.2"
        },
        "certifi": {
            "hashes": [
                "sha256:2bbf76fd432960138b3ef6dda3dde0544f27cbf8546c458e60baf371917ba9ee",
                "sha256:50b1e4f8446b06f41be7dd6338db18e0990601dce795c2b1686458aa7e8fa7d8"
            ],
            "version": "==2021.5.30"
        },
        "charset-normalizer": {
            "hashes": [
                "sha256:5d209c0a931f215cee683b6445e2d77677e7e75e159f78def0db09d68fafcaa6",
                "sha256:5ec46d183433dcbd0ab716f2d7f29d8dee50505b3fdb40c6b985c7c4f5a3591f"
            ],
            "markers": "python_version >= '3'",
            "version": "==2.0.6"
        },
        "django": {
            "hashes": [
                "sha256:9f8be75646f62204320b195062b1d696ba28aa3d45ee72fb7c888ffaebc5bdb2",
                "sha256:a6e0d1ff11095b7394c079ade7094c73b2dc3df4a7a373c9b58ed73b77a97feb"
            ],
            "index": "pypi",
            "version": "==3.1.13"
        },
        "django-widget-tweaks": {
            "hashes": [
                "sha256:9f91ca4217199b7671971d3c1f323a2bec71a0c27dec6260b3c006fa541bc489",
                "sha256:f80bff4a8a59b278bb277a405a76a8b9a884e4bae7a6c70e78a39c626cd1c836"
            ],
            "index": "pypi",
            "version": "==1.4.8"
        },
        "google-api-core": {
            "hashes": [
                "sha256:4b7ad965865aef22afa4aded3318b8fa09b20bcc7e8dbb639a3753cf60af08ea",
                "sha256:f52c708ab9fd958862dea9ac94d9db1a065608073fe583c3b9c18537b177f59a"
            ],
            "markers": "python_version >= '2.7' and python_version not in '3.0, 3.1, 3.2, 3.3, 3.4, 3.5'",
            "version": "==1.31.3"
        },
        "google-api-python-client": {
            "hashes": [
                "sha256:8dd35a3704650c2db44e6cf52abdaf9de71f409c93c56bbe48a321ab5e14ebad",
                "sha256:bf482c13fb41a6d01770f9d62be6b33fdcd41d68c97f2beb9be02297bdd9e725"
            ],
            "index": "pypi",
            "version": "==1.8.2"
        },
        "google-auth": {
            "hashes": [
                "sha256:997516b42ecb5b63e8d80f5632c1a61dddf41d2a4c2748057837e06e00014258",
                "sha256:b7033be9028c188ee30200b204ea00ed82ea1162e8ac1df4aa6ded19a191d88e"
            ],
            "markers": "python_version >= '2.7' and python_version not in '3.0, 3.1, 3.2, 3.3, 3.4, 3.5'",
            "version": "==1.35.0"
        },
        "google-auth-httplib2": {
            "hashes": [
                "sha256:31e49c36c6b5643b57e82617cb3e021e3e1d2df9da63af67252c02fa9c1f4a10",
                "sha256:a07c39fd632becacd3f07718dfd6021bf396978f03ad3ce4321d060015cc30ac"
            ],
            "version": "==0.1.0"
        },
        "googleapis-common-protos": {
            "hashes": [
                "sha256:a88ee8903aa0a81f6c3cec2d5cf62d3c8aa67c06439b0496b49048fb1854ebf4",
                "sha256:f6d561ab8fb16b30020b940e2dd01cd80082f4762fa9f3ee670f4419b4b8dbd0"
            ],
            "markers": "python_version >= '3.6'",
            "version": "==1.53.0"
        },
        "gunicorn": {
            "hashes": [
                "sha256:1904bb2b8a43658807108d59c3f3d56c2b6121a701161de0ddf9ad140073c626",
                "sha256:cd4a810dd51bf497552cf3f863b575dabd73d6ad6a91075b65936b151cbf4f9c"
            ],
            "index": "pypi",
            "version": "==20.0.4"
        },
        "httplib2": {
            "hashes": [
                "sha256:0b12617eeca7433d4c396a100eaecfa4b08ee99aa881e6df6e257a7aad5d533d",
                "sha256:2ad195faf9faf079723f6714926e9a9061f694d07724b846658ce08d40f522b4"
            ],
            "version": "==0.19.1"
        },
        "idna": {
            "hashes": [
                "sha256:14475042e284991034cb48e06f6851428fb14c4dc953acd9be9a5e95c7b6dd7a",
                "sha256:467fbad99067910785144ce333826c71fb0e63a425657295239737f7ecd125f3"
            ],
            "markers": "python_version >= '3'",
            "version": "==3.2"
        },
        "packaging": {
            "hashes": [
                "sha256:7dc96269f53a4ccec5c0670940a4281106dd0bb343f47b7471f779df49c2fbe7",
                "sha256:c86254f9220d55e31cc94d69bade760f0847da8000def4dfe1c6b872fd14ff14"
            ],
            "markers": "python_version >= '3.6'",
            "version": "==21.0"
        },
        "protobuf": {
            "hashes": [
                "sha256:13ee7be3c2d9a5d2b42a1030976f760f28755fcf5863c55b1460fd205e6cd637",
                "sha256:145ce0af55c4259ca74993ddab3479c78af064002ec8227beb3d944405123c71",
                "sha256:14c1c9377a7ffbeaccd4722ab0aa900091f52b516ad89c4b0c3bb0a4af903ba5",
                "sha256:1556a1049ccec58c7855a78d27e5c6e70e95103b32de9142bae0576e9200a1b0",
                "sha256:26010f693b675ff5a1d0e1bdb17689b8b716a18709113288fead438703d45539",
                "sha256:2ae692bb6d1992afb6b74348e7bb648a75bb0d3565a3f5eea5bec8f62bd06d87",
                "sha256:2bfb815216a9cd9faec52b16fd2bfa68437a44b67c56bee59bc3926522ecb04e",
                "sha256:4ffbd23640bb7403574f7aff8368e2aeb2ec9a5c6306580be48ac59a6bac8bde",
                "sha256:59e5cf6b737c3a376932fbfb869043415f7c16a0cf176ab30a5bbc419cd709c1",
                "sha256:6902a1e4b7a319ec611a7345ff81b6b004b36b0d2196ce7a748b3493da3d226d",
                "sha256:6ce4d8bf0321e7b2d4395e253f8002a1a5ffbcfd7bcc0a6ba46712c07d47d0b4",
                "sha256:6d847c59963c03fd7a0cd7c488cadfa10cda4fff34d8bc8cba92935a91b7a037",
                "sha256:72804ea5eaa9c22a090d2803813e280fb273b62d5ae497aaf3553d141c4fdd7b",
                "sha256:7a4c97961e9e5b03a56f9a6c82742ed55375c4a25f2692b625d4087d02ed31b9",
                "sha256:85d6303e4adade2827e43c2b54114d9a6ea547b671cb63fafd5011dc47d0e13d",
                "sha256:8727ee027157516e2c311f218ebf2260a18088ffb2d29473e82add217d196b1c",
                "sha256:99938f2a2d7ca6563c0ade0c5ca8982264c484fdecf418bd68e880a7ab5730b1",
                "sha256:9b7a5c1022e0fa0dbde7fd03682d07d14624ad870ae52054849d8960f04bc764",
                "sha256:a22b3a0dbac6544dacbafd4c5f6a29e389a50e3b193e2c70dae6bbf7930f651d",
                "sha256:a38bac25f51c93e4be4092c88b2568b9f407c27217d3dd23c7a57fa522a17554",
                "sha256:a981222367fb4210a10a929ad5983ae93bd5a050a0824fc35d6371c07b78caf6",
                "sha256:ab6bb0e270c6c58e7ff4345b3a803cc59dbee19ddf77a4719c5b635f1d547aa8",
                "sha256:c56c050a947186ba51de4f94ab441d7f04fcd44c56df6e922369cc2e1a92d683",
                "sha256:e76d9686e088fece2450dbc7ee905f9be904e427341d289acbe9ad00b78ebd47",
                "sha256:ebcb546f10069b56dc2e3da35e003a02076aaa377caf8530fe9789570984a8d2",
                "sha256:f0e59430ee953184a703a324b8ec52f571c6c4259d496a19d1cabcdc19dabc62",
                "sha256:ffea251f5cd3c0b9b43c7a7a912777e0bc86263436a87c2555242a348817221b"
            ],
            "version": "==3.17.3"
        },
        "psycopg2-binary": {
            "hashes": [
                "sha256:008da3ab51adc70a5f1cfbbe5db3a22607ab030eb44bcecf517ad11a0c2b3cac",
                "sha256:07cf82c870ec2d2ce94d18e70c13323c89f2f2a2628cbf1feee700630be2519a",
                "sha256:08507efbe532029adee21b8d4c999170a83760d38249936038bd0602327029b5",
                "sha256:107d9be3b614e52a192719c6bf32e8813030020ea1d1215daa86ded9a24d8b04",
                "sha256:17a0ea0b0eabf07035e5e0d520dabc7950aeb15a17c6d36128ba99b2721b25b1",
                "sha256:3286541b9d85a340ee4ed42732d15fc1bb441dc500c97243a768154ab8505bb5",
                "sha256:3939cf75fc89c5e9ed836e228c4a63604dff95ad19aed2bbf71d5d04c15ed5ce",
                "sha256:40abc319f7f26c042a11658bf3dd3b0b3bceccf883ec1c565d5c909a90204434",
                "sha256:51f7823f1b087d2020d8e8c9e6687473d3d239ba9afc162d9b2ab6e80b53f9f9",
                "sha256:6bb2dd006a46a4a4ce95201f836194eb6a1e863f69ee5bab506673e0ca767057",
                "sha256:702f09d8f77dc4794651f650828791af82f7c2efd8c91ae79e3d9fe4bb7d4c98",
                "sha256:7036ccf715925251fac969f4da9ad37e4b7e211b1e920860148a10c0de963522",
                "sha256:7b832d76cc65c092abd9505cc670c4e3421fd136fb6ea5b94efbe4c146572505",
                "sha256:8f74e631b67482d504d7e9cf364071fc5d54c28e79a093ff402d5f8f81e23bfa",
                "sha256:930315ac53dc65cbf52ab6b6d27422611f5fb461d763c531db229c7e1af6c0b3",
                "sha256:96d3038f5bd061401996614f65d27a4ecb62d843eb4f48e212e6d129171a721f",
                "sha256:a20299ee0ea2f9cca494396ac472d6e636745652a64a418b39522c120fd0a0a4",
                "sha256:a34826d6465c2e2bbe9d0605f944f19d2480589f89863ed5f091943be27c9de4",
                "sha256:a69970ee896e21db4c57e398646af9edc71c003bc52a3cc77fb150240fefd266",
                "sha256:b9a8b391c2b0321e0cd7ec6b4cfcc3dd6349347bd1207d48bcb752aa6c553a66",
                "sha256:ba13346ff6d3eb2dca0b6fa0d8a9d999eff3dcd9b55f3a890f12b0b6362b2b38",
                "sha256:bb0608694a91db1e230b4a314e8ed00ad07ed0c518f9a69b83af2717e31291a3",
                "sha256:c8830b7d5f16fd79d39b21e3d94f247219036b29b30c8270314c46bf8b732389",
                "sha256:cac918cd7c4c498a60f5d2a61d4f0a6091c2c9490d81bc805c963444032d0dab",
                "sha256:cc30cb900f42c8a246e2cb76539d9726f407330bc244ca7729c41a44e8d807fb",
                "sha256:ccdc6a87f32b491129ada4b87a43b1895cf2c20fdb7f98ad979647506ffc41b6",
                "sha256:d1a8b01f6a964fec702d6b6dac1f91f2b9f9fe41b310cbb16c7ef1fac82df06d",
                "sha256:e004db88e5a75e5fdab1620fb9f90c9598c2a195a594225ac4ed2a6f1c23e162",
                "sha256:eb2f43ae3037f1ef5e19339c41cf56947021ac892f668765cd65f8ab9814192e",
                "sha256:fa466306fcf6b39b8a61d003123d442b23707d635a5cb05ac4e1b62cc79105cd"
            ],
            "index": "pypi",
            "version": "==2.8.5"
        },
        "pyasn1": {
            "hashes": [
                "sha256:014c0e9976956a08139dc0712ae195324a75e142284d5f87f1a87ee1b068a359",
                "sha256:03840c999ba71680a131cfaee6fab142e1ed9bbd9c693e285cc6aca0d555e576",
                "sha256:0458773cfe65b153891ac249bcf1b5f8f320b7c2ce462151f8fa74de8934becf",
                "sha256:08c3c53b75eaa48d71cf8c710312316392ed40899cb34710d092e96745a358b7",
                "sha256:39c7e2ec30515947ff4e87fb6f456dfc6e84857d34be479c9d4a4ba4bf46aa5d",
                "sha256:5c9414dcfede6e441f7e8f81b43b34e834731003427e5b09e4e00e3172a10f00",
                "sha256:6e7545f1a61025a4e58bb336952c5061697da694db1cae97b116e9c46abcf7c8",
                "sha256:78fa6da68ed2727915c4767bb386ab32cdba863caa7dbe473eaae45f9959da86",
                "sha256:7ab8a544af125fb704feadb008c99a88805126fb525280b2270bb25cc1d78a12",
                "sha256:99fcc3c8d804d1bc6d9a099921e39d827026409a58f2a720dcdb89374ea0c776",
                "sha256:aef77c9fb94a3ac588e87841208bdec464471d9871bd5050a287cc9a475cd0ba",
                "sha256:e89bf84b5437b532b0803ba5c9a5e054d21fec423a89952a74f87fa2c9b7bce2",
                "sha256:fec3e9d8e36808a28efb59b489e4528c10ad0f480e57dcc32b4de5c9d8c9fdf3"
            ],
            "version": "==0.4.8"
        },
        "pyasn1-modules": {
            "hashes": [
                "sha256:0845a5582f6a02bb3e1bde9ecfc4bfcae6ec3210dd270522fee602365430c3f8",
                "sha256:0fe1b68d1e486a1ed5473f1302bd991c1611d319bba158e98b106ff86e1d7199",
                "sha256:15b7c67fabc7fc240d87fb9aabf999cf82311a6d6fb2c70d00d3d0604878c811",
                "sha256:426edb7a5e8879f1ec54a1864f16b882c2837bfd06eee62f2c982315ee2473ed",
                "sha256:65cebbaffc913f4fe9e4808735c95ea22d7a7775646ab690518c056784bc21b4",
                "sha256:905f84c712230b2c592c19470d3ca8d552de726050d1d1716282a1f6146be65e",
                "sha256:a50b808ffeb97cb3601dd25981f6b016cbb3d31fbf57a8b8a87428e6158d0c74",
                "sha256:a99324196732f53093a84c4369c996713eb8c89d360a496b599fb1a9c47fc3eb",
                "sha256:b80486a6c77252ea3a3e9b1e360bc9cf28eaac41263d173c032581ad2f20fe45",
                "sha256:c29a5e5cc7a3f05926aff34e097e84f8589cd790ce0ed41b67aed6857b26aafd",
                "sha256:cbac4bc38d117f2a49aeedec4407d23e8866ea4ac27ff2cf7fb3e5b570df19e0",
                "sha256:f39edd8c4ecaa4556e989147ebf219227e2cd2e8a43c7e7fcb1f1c18c5fd6a3d",
                "sha256:fe0644d9ab041506b62782e92b06b8c68cca799e1a9636ec398675459e031405"
            ],
            "version": "==0.2.8"
        },
        "pyparsing": {
            "hashes": [
                "sha256:c203ec8783bf771a155b207279b9bccb8dea02d8f0c9e5f8ead507bc3246ecc1",
                "sha256:ef9d7589ef3c200abe66653d3f1ab1033c3c419ae9b9bdb1240a85b024efc88b"
            ],
            "markers": "python_version >= '2.6' and python_version not in '3.0, 3.1, 3.2, 3.3'",
            "version": "==2.4.7"
        },
        "pytz": {
            "hashes": [
                "sha256:83a4a90894bf38e243cf052c8b58f381bfe9a7a483f6a9cab140bc7f702ac4da",
                "sha256:eb10ce3e7736052ed3623d49975ce333bcd712c7bb19a58b9e2089d4057d0798"
            ],
            "version": "==2021.1"
        },
        "requests": {
            "hashes": [
                "sha256:6c1246513ecd5ecd4528a0906f910e8f0f9c6b8ec72030dc9fd154dc1a6efd24",
                "sha256:b8aa58f8cf793ffd8782d3d8cb19e66ef36f7aba4353eec859e74678b01b07a7"
            ],
            "markers": "python_version >= '2.7' and python_version not in '3.0, 3.1, 3.2, 3.3, 3.4, 3.5'",
            "version": "==2.26.0"
        },
        "rsa": {
            "hashes": [
                "sha256:78f9a9bf4e7be0c5ded4583326e7461e3a3c5aae24073648b4bdfa797d78c9d2",
                "sha256:9d689e6ca1b3038bc82bf8d23e944b6b6037bc02301a574935b2dd946e0353b9"
            ],
            "markers": "python_version >= '3.6'",
            "version": "==4.7.2"
        },
        "six": {
            "hashes": [
                "sha256:1e61c37477a1626458e36f7b1d82aa5c9b094fa4802892072e49de9c60c4c926",
                "sha256:8abb2f1d86890a2dfb989f9a77cfcfd3e47c2a354b01111771326f8aa26e0254"
            ],
            "markers": "python_version >= '2.7' and python_version not in '3.0, 3.1, 3.2, 3.3'",
            "version": "==1.16.0"
        },
        "sqlparse": {
            "hashes": [
                "sha256:0c00730c74263a94e5a9919ade150dfc3b19c574389985446148402998287dae",
                "sha256:48719e356bb8b42991bdbb1e8b83223757b93789c00910a616a071910ca4a64d"
            ],
            "markers": "python_version >= '3.5'",
            "version": "==0.4.2"
        },
        "typing-extensions": {
            "hashes": [
                "sha256:49f75d16ff11f1cd258e1b988ccff82a3ca5570217d7ad8c5f48205dd99a677e",
                "sha256:d8226d10bc02a29bcc81df19a26e56a9647f8b0a6d4a83924139f4a8b01f17b7",
                "sha256:f1d25edafde516b146ecd0613dabcc61409817af4766fbbcfb8d1ad4ec441a34"
            ],
            "markers": "python_version < '3.8'",
            "version": "==3.10.0.2"
        },
        "uritemplate": {
            "hashes": [
                "sha256:07620c3f3f8eed1f12600845892b0e036a2420acf513c53f7de0abd911a5894f",
                "sha256:5af8ad10cec94f215e3f48112de2022e1d5a37ed427fbd88652fa908f2ab7cae"
            ],
            "markers": "python_version >= '2.7' and python_version not in '3.0, 3.1, 3.2, 3.3'",
            "version": "==3.0.1"
        },
        "urllib3": {
            "hashes": [
                "sha256:4987c65554f7a2dbf30c18fd48778ef124af6fab771a377103da0585e2336ece",
                "sha256:c4fdf4019605b6e5423637e01bc9fe4daef873709a7973e195ceba0a62bbc844"
            ],
            "markers": "python_version >= '2.7' and python_version not in '3.0, 3.1, 3.2, 3.3, 3.4' and python_version < '4'",
            "version": "==1.26.7"
        }
    },
    "develop": {}
}
